{
  "name": "notion-color",
  "lockfileVersion": 2,
  "requires": true,
  "packages": {
    "": {
      "dependencies": {
        "notie": "^4.3.1",
        "tinycolor2": "^1.4.2"
      }
    },
    "node_modules/notie": {
      "version": "4.3.1",
      "resolved": "https://registry.npmjs.org/notie/-/notie-4.3.1.tgz",
      "integrity": "sha1-DRmd4VEwJC4hZ1UHq6Y8aSngrdo="
    },
    "node_modules/tinycolor2": {
      "version": "1.4.2",
      "resolved": "https://registry.npmjs.org/tinycolor2/-/tinycolor2-1.4.2.tgz",
      "integrity": "sha512-vJhccZPs965sV/L2sU4oRQVAos0pQXwsvTLkWYdqJ+a8Q5kPFzJTuOFwy7UniPli44NKQGAglksjvOcpo95aZA==",
      "engines": {
        "node": "*"
      }
    }
  },
  "dependencies": {
    "notie": {
      "version": "4.3.1",
      "resolved": "https://registry.npmjs.org/notie/-/notie-4.3.1.tgz",
      "integrity": "sha1-DRmd4VEwJC4hZ1UHq6Y8aSngrdo="
    },
    "tinycolor2": {
      "version": "1.4.2",
      "resolved": "https://registry.npmjs.org/tinycolor2/-/tinycolor2-1.4.2.tgz",
      "integrity": "sha512-vJhccZPs965sV/L2sU4oRQVAos0pQXwsvTLkWYdqJ+a8Q5kPFzJTuOFwy7UniPli44NKQGAglksjvOcpo95aZA=="
    }
  }
}
